Microsoft Visual Studio Solution File, Format Version 12.00
# Visual Studio 15
VisualStudioVersion = 15.0.26124.0
MinimumVisualStudioVersion = 15.0.26124.0
Project("{FAE04EC0-301F-11D3-BF4B-00C04F79EFBC}") = "Goblin.Client", "Client\Goblin.Client.csproj", "{90F6AE27-6615-4E42-B4D1-8D4931C87ED6}"
EndProject
Project("{FAE04EC0-301F-11D3-BF4B-00C04F79EFBC}") = "Goblin.Server", "Server\Goblin.Server.csproj", "{1BE872C8-E471-4FD7-9FE4-5CF14BA55FAA}"
EndProject
Global
	GlobalSection(SolutionConfigurationPlatforms) = preSolution
		Debug|Any CPU = Debug|Any CPU
		Release|Any CPU = Release|Any CPU
	EndGlobalSection
	GlobalSection(SolutionProperties) = preSolution
		HideSolutionNode = FALSE
	EndGlobalSection
	GlobalSection(ProjectConfigurationPlatforms) = postSolution
		{90F6AE27-6615-4E42-B4D1-8D4931C87ED6}.Debug|Any CPU.ActiveCfg = Debug|Any CPU
		{90F6AE27-6615-4E42-B4D1-8D4931C87ED6}.Debug|Any CPU.Build.0 = Debug|Any CPU
		{90F6AE27-6615-4E42-B4D1-8D4931C87ED6}.Release|Any CPU.ActiveCfg = Release|Any CPU
		{90F6AE27-6615-4E42-B4D1-8D4931C87ED6}.Release|Any CPU.Build.0 = Release|Any CPU
		{1BE872C8-E471-4FD7-9FE4-5CF14BA55FAA}.Debug|Any CPU.ActiveCfg = Debug|Any CPU
		{1BE872C8-E471-4FD7-9FE4-5CF14BA55FAA}.Debug|Any CPU.Build.0 = Debug|Any CPU
		{1BE872C8-E471-4FD7-9FE4-5CF14BA55FAA}.Release|Any CPU.ActiveCfg = Release|Any CPU
		{1BE872C8-E471-4FD7-9FE4-5CF14BA55FAA}.Release|Any CPU.Build.0 = Release|Any CPU
	EndGlobalSection
EndGlobal
